
Microsoft Visual Studio Solution File, Format Version 12.00
# Visual Studio Version 17
VisualStudioVersion = 17.5.002.0
MinimumVisualStudioVersion = 10.0.40219.1
Project("{9A19103F-16F7-4668-BE54-9A1E7A4F7556}") = "learnify", "learnify.csproj", "{FBDD5B37-561C-4576-A718-E1F0D9441610}"
EndProject
Global
	GlobalSection(SolutionConfigurationPlatforms) = preSolution
		Debug|Any CPU = Debug|Any CPU
		Release|Any CPU = Release|Any CPU
	EndGlobalSection
	GlobalSection(ProjectConfigurationPlatforms) = postSolution
		{FBDD5B37-561C-4576-A718-E1F0D9441610}.Debug|Any CPU.ActiveCfg = Debug|Any CPU
		{FBDD5B37-561C-4576-A718-E1F0D9441610}.Debug|Any CPU.Build.0 = Debug|Any CPU
		{FBDD5B37-561C-4576-A718-E1F0D9441610}.Release|Any CPU.ActiveCfg = Release|Any CPU
		{FBDD5B37-561C-4576-A718-E1F0D9441610}.Release|Any CPU.Build.0 = Release|Any CPU
	EndGlobalSection
	GlobalSection(SolutionProperties) = preSolution
		HideSolutionNode = FALSE
	EndGlobalSection
	GlobalSection(ExtensibilityGlobals) = postSolution
		SolutionGuid = {D3C4BCCA-332C-4966-A891-783715B01BE8}
	EndGlobalSection
EndGlobal
